{
  "name": "webtest",
  "version": "1.0.0",
  "lockfileVersion": 1,
  "requires": true,
  "dependencies": {
    "-": {
      "version": "0.0.1",
      "resolved": "https://registry.npmjs.org/-/-/--0.0.1.tgz",
      "integrity": "sha512-3HfneK3DGAm05fpyj20sT3apkNcvPpCuccOThOPdzz8sY7GgQGe0l93XH9bt+YzibcTIgUAIMoyVJI740RtgyQ=="
    },
    "install": {
      "version": "0.13.0",
      "resolved": "https://registry.npmjs.org/install/-/install-0.13.0.tgz",
      "integrity": "sha512-zDml/jzr2PKU9I8J/xyZBQn8rPCAY//UOYNmR01XwNwyfhEWObo2SWfSl1+0tm1u6PhxLwDnfsT/6jB7OUxqFA=="
    },
    "modules": {
      "version": "0.4.0",
      "resolved": "https://registry.npmjs.org/modules/-/modules-0.4.0.tgz",
      "integrity": "sha512-LX4JgwPHJr1FurPDKp1BlGgMXqZXtxO1O8ABGmj2g15CbLGlInTHcA9flqw6uN6oYKE2T0ngWdiHvcX97mdBsw=="
    },
    "node": {
      "version": "20.7.0",
      "resolved": "https://registry.npmjs.org/node/-/node-20.7.0.tgz",
      "integrity": "sha512-GiKqtgSALW8+W7Zi9T2AI9aME8hJg+1EESH6O7Xmk4k1gJfBKOolpy9gdg8vCyR8dMeJlp5GQZOYnvxsu8v5TA==",
      "requires": {
        "node-bin-setup": "^1.0.0"
      }
    },
    "node-bin-setup": {
      "version": "1.1.3",
      "resolved": "https://registry.npmjs.org/node-bin-setup/-/node-bin-setup-1.1.3.tgz",
      "integrity": "sha512-opgw9iSCAzT2+6wJOETCpeRYAQxSopqQ2z+N6BXwIMsQQ7Zj5M8MaafQY8JMlolRR6R1UXg2WmhKp0p9lSOivg=="
    }
  }
}
